
Microsoft Visual Studio Solution File, Format Version 12.00
# Visual Studio Version 16
VisualStudioVersion = 16.0.29728.190
MinimumVisualStudioVersion = 10.0.40219.1
Project("{FAE04EC0-301F-11D3-BF4B-00C04F79EFBC}") = "CsvApp", "CsvApp\CsvApp.csproj", "{1E519356-29BD-47D6-930D-E2AB4E3FFED4}"
EndProject
Global
	GlobalSection(SolutionConfigurationPlatforms) = preSolution
		Debug|Any CPU = Debug|Any CPU
		Release|Any CPU = Release|Any CPU
	EndGlobalSection
	GlobalSection(ProjectConfigurationPlatforms) = postSolution
		{1E519356-29BD-47D6-930D-E2AB4E3FFED4}.Debug|Any CPU.ActiveCfg = Debug|Any CPU
		{1E519356-29BD-47D6-930D-E2AB4E3FFED4}.Debug|Any CPU.Build.0 = Debug|Any CPU
		{1E519356-29BD-47D6-930D-E2AB4E3FFED4}.Release|Any CPU.ActiveCfg = Release|Any CPU
		{1E519356-29BD-47D6-930D-E2AB4E3FFED4}.Release|Any CPU.Build.0 = Release|Any CPU
	EndGlobalSection
	GlobalSection(SolutionProperties) = preSolution
		HideSolutionNode = FALSE
	EndGlobalSection
	GlobalSection(ExtensibilityGlobals) = postSolution
		SolutionGuid = {00F89462-6223-4A39-8112-C1958C27221E}
	EndGlobalSection
EndGlobal
